
Microsoft Visual Studio Solution File, Format Version 12.00
# Visual Studio Version 16
VisualStudioVersion = 16.0.30225.117
MinimumVisualStudioVersion = 15.0.26124.0
Project("{9A19103F-16F7-4668-BE54-9A1E7A4F7556}") = "Todo.Domain.Api", "Todo.Domain.Api\Todo.Domain.Api.csproj", "{71A1326F-B93B-4162-B863-32DDDCC11B8A}"
EndProject
Project("{9A19103F-16F7-4668-BE54-9A1E7A4F7556}") = "Todo.Domain", "Todo.Domain\Todo.Domain.csproj", "{F928F4BE-B8E5-4942-A141-197F2E061B3B}"
EndProject
Project("{9A19103F-16F7-4668-BE54-9A1E7A4F7556}") = "Todo.Domain.Infra", "Todo.Domain.Infra\Todo.Domain.Infra.csproj", "{6E80B6F0-CA90-4946-A50F-7D1FB9FE5E3F}"
EndProject
Project("{9A19103F-16F7-4668-BE54-9A1E7A4F7556}") = "Todo.Domain.Tests", "Todo.Domain.Tests\Todo.Domain.Tests.csproj", "{C6DE1C05-09B6-4B9F-A86D-040CA1059979}"
EndProject
Global
	GlobalSection(SolutionConfigurationPlatforms) = preSolution
		Debug|Any CPU = Debug|Any CPU
		Debug|x64 = Debug|x64
		Debug|x86 = Debug|x86
		Release|Any CPU = Release|Any CPU
		Release|x64 = Release|x64
		Release|x86 = Release|x86
	EndGlobalSection
	GlobalSection(ProjectConfigurationPlatforms) = postSolution
		{71A1326F-B93B-4162-B863-32DDDCC11B8A}.Debug|Any CPU.ActiveCfg = Debug|Any CPU
		{71A1326F-B93B-4162-B863-32DDDCC11B8A}.Debug|Any CPU.Build.0 = Debug|Any CPU
		{71A1326F-B93B-4162-B863-32DDDCC11B8A}.Debug|x64.ActiveCfg = Debug|Any CPU
		{71A1326F-B93B-4162-B863-32DDDCC11B8A}.Debug|x64.Build.0 = Debug|Any CPU
		{71A1326F-B93B-4162-B863-32DDDCC11B8A}.Debug|x86.ActiveCfg = Debug|Any CPU
		{71A1326F-B93B-4162-B863-32DDDCC11B8A}.Debug|x86.Build.0 = Debug|Any CPU
		{71A1326F-B93B-4162-B863-32DDDCC11B8A}.Release|Any CPU.ActiveCfg = Release|Any CPU
		{71A1326F-B93B-4162-B863-32DDDCC11B8A}.Release|Any CPU.Build.0 = Release|Any CPU
		{71A1326F-B93B-4162-B863-32DDDCC11B8A}.Release|x64.ActiveCfg = Release|Any CPU
		{71A1326F-B93B-4162-B863-32DDDCC11B8A}.Release|x64.Build.0 = Release|Any CPU
		{71A1326F-B93B-4162-B863-32DDDCC11B8A}.Release|x86.ActiveCfg = Release|Any CPU
		{71A1326F-B93B-4162-B863-32DDDCC11B8A}.Release|x86.Build.0 = Release|Any CPU
		{F928F4BE-B8E5-4942-A141-197F2E061B3B}.Debug|Any CPU.ActiveCfg = Debug|Any CPU
		{F928F4BE-B8E5-4942-A141-197F2E061B3B}.Debug|Any CPU.Build.0 = Debug|Any CPU
		{F928F4BE-B8E5-4942-A141-197F2E061B3B}.Debug|x64.ActiveCfg = Debug|Any CPU
		{F928F4BE-B8E5-4942-A141-197F2E061B3B}.Debug|x64.Build.0 = Debug|Any CPU
		{F928F4BE-B8E5-4942-A141-197F2E061B3B}.Debug|x86.ActiveCfg = Debug|Any CPU
		{F928F4BE-B8E5-4942-A141-197F2E061B3B}.Debug|x86.Build.0 = Debug|Any CPU
		{F928F4BE-B8E5-4942-A141-197F2E061B3B}.Release|Any CPU.ActiveCfg = Release|Any CPU
		{F928F4BE-B8E5-4942-A141-197F2E061B3B}.Release|Any CPU.Build.0 = Release|Any CPU
		{F928F4BE-B8E5-4942-A141-197F2E061B3B}.Release|x64.ActiveCfg = Release|Any CPU
		{F928F4BE-B8E5-4942-A141-197F2E061B3B}.Release|x64.Build.0 = Release|Any CPU
		{F928F4BE-B8E5-4942-A141-197F2E061B3B}.Release|x86.ActiveCfg = Release|Any CPU
		{F928F4BE-B8E5-4942-A141-197F2E061B3B}.Release|x86.Build.0 = Release|Any CPU
		{6E80B6F0-CA90-4946-A50F-7D1FB9FE5E3F}.Debug|Any CPU.ActiveCfg = Debug|Any CPU
		{6E80B6F0-CA90-4946-A50F-7D1FB9FE5E3F}.Debug|Any CPU.Build.0 = Debug|Any CPU
		{6E80B6F0-CA90-4946-A50F-7D1FB9FE5E3F}.Debug|x64.ActiveCfg = Debug|Any CPU
		{6E80B6F0-CA90-4946-A50F-7D1FB9FE5E3F}.Debug|x64.Build.0 = Debug|Any CPU
		{6E80B6F0-CA90-4946-A50F-7D1FB9FE5E3F}.Debug|x86.ActiveCfg = Debug|Any CPU
		{6E80B6F0-CA90-4946-A50F-7D1FB9FE5E3F}.Debug|x86.Build.0 = Debug|Any CPU
		{6E80B6F0-CA90-4946-A50F-7D1FB9FE5E3F}.Release|Any CPU.ActiveCfg = Release|Any CPU
		{6E80B6F0-CA90-4946-A50F-7D1FB9FE5E3F}.Release|Any CPU.Build.0 = Release|Any CPU
		{6E80B6F0-CA90-4946-A50F-7D1FB9FE5E3F}.Release|x64.ActiveCfg = Release|Any CPU
		{6E80B6F0-CA90-4946-A50F-7D1FB9FE5E3F}.Release|x64.Build.0 = Release|Any CPU
		{6E80B6F0-CA90-4946-A50F-7D1FB9FE5E3F}.Release|x86.ActiveCfg = Release|Any CPU
		{6E80B6F0-CA90-4946-A50F-7D1FB9FE5E3F}.Release|x86.Build.0 = Release|Any CPU
		{C6DE1C05-09B6-4B9F-A86D-040CA1059979}.Debug|Any CPU.ActiveCfg = Debug|Any CPU
		{C6DE1C05-09B6-4B9F-A86D-040CA1059979}.Debug|Any CPU.Build.0 = Debug|Any CPU
		{C6DE1C05-09B6-4B9F-A86D-040CA1059979}.Debug|x64.ActiveCfg = Debug|Any CPU
		{C6DE1C05-09B6-4B9F-A86D-040CA1059979}.Debug|x64.Build.0 = Debug|Any CPU
		{C6DE1C05-09B6-4B9F-A86D-040CA1059979}.Debug|x86.ActiveCfg = Debug|Any CPU
		{C6DE1C05-09B6-4B9F-A86D-040CA1059979}.Debug|x86.Build.0 = Debug|Any CPU
		{C6DE1C05-09B6-4B9F-A86D-040CA1059979}.Release|Any CPU.ActiveCfg = Release|Any CPU
		{C6DE1C05-09B6-4B9F-A86D-040CA1059979}.Release|Any CPU.Build.0 = Release|Any CPU
		{C6DE1C05-09B6-4B9F-A86D-040CA1059979}.Release|x64.ActiveCfg = Release|Any CPU
		{C6DE1C05-09B6-4B9F-A86D-040CA1059979}.Release|x64.Build.0 = Release|Any CPU
		{C6DE1C05-09B6-4B9F-A86D-040CA1059979}.Release|x86.ActiveCfg = Release|Any CPU
		{C6DE1C05-09B6-4B9F-A86D-040CA1059979}.Release|x86.Build.0 = Release|Any CPU
	EndGlobalSection
	GlobalSection(SolutionProperties) = preSolution
		HideSolutionNode = FALSE
	EndGlobalSection
	GlobalSection(ExtensibilityGlobals) = postSolution
		SolutionGuid = {8202366B-CC4E-4BCA-A271-5DED84B1C389}
	EndGlobalSection
EndGlobal
